{
    "_readme": [
        "This file locks the dependencies of your project to a known state",
        "Read more about it at http://getcomposer.org/doc/01-basic-usage.md#composer-lock-the-lock-file"
    ],
    "hash": "494363d3b74024da52b165922e38c07c",
    "packages": [
        {
            "name": "teqneers/php-stream-wrapper-for-git",
            "version": "dev-master",
            "source": {
                "type": "git",
                "url": "https://github.com/teqneers/PHP-Stream-Wrapper-for-Git.git",
                "reference": "5178c76fc81e9b6ba4f579103cecc290e411c328"
            },
            "dist": {
                "type": "zip",
                "url": "https://api.github.com/repos/teqneers/PHP-Stream-Wrapper-for-Git/zipball/5178c76fc81e9b6ba4f579103cecc290e411c328",
                "reference": "5178c76fc81e9b6ba4f579103cecc290e411c328",
                "shasum": ""
            },
            "require": {
                "php": ">=5.3.0"
            },
            "require-dev": {
                "knplabs/gaufrette": "*"
            },
            "suggest": {
                "knplabs/gaufrette": "to use the Gaufrette adapter"
            },
            "type": "library",
            "autoload": {
                "psr-0": {
                    "TQ": "src"
                }
            },
            "notification-url": "https://packagist.org/downloads/",
            "license": [
                "MIT"
            ],
            "authors": [
                {
                    "name": "Stefan Gehrig",
                    "email": "gehrig@teqneers.de",
                    "homepage": "http://opensource.teqneers.de/"
                }
            ],
            "description": "Git Stream Wrapper for PHP",
            "homepage": "https://github.com/teqneers/PHP-Stream-Wrapper-for-Git",
            "keywords": [
                "git",
                "stream-wrapper",
                "streamwrapper"
            ],
            "time": "2014-02-17 21:39:57"
        }
    ],
    "packages-dev": [

    ],
    "aliases": [

    ],
    "minimum-stability": "dev",
    "stability-flags": {
        "teqneers/php-stream-wrapper-for-git": 20
    },
    "platform": {
        "php": ">=5.4"
    },
    "platform-dev": [

    ]
}
